// !$*UTF8*$!
{
	archiveVersion = 1;
	classes = {
	};
	objectVersion = 77;
	objects = {

/* Begin PBXBuildFile section */
		0A0116F79C1AF9E5B3D69BFD /* AmberModels.swift in Sources */ = {isa = PBXBuildFile; fileRef = A0EDAA9E820282E158C1E8A3 /* AmberModels.swift */; };
		1521E6B75107865F5DE77EB4 /* AmberApp.swift in Sources */ = {isa = PBXBuildFile; fileRef = 0212DF02C579762975E44439 /* AmberApp.swift */; };
		1AEC4F7809945432BED9D2B1 /* AmberRootView.swift in Sources */ = {isa = PBXBuildFile; fileRef = 2AA7EC72846FBBF7082DCA41 /* AmberRootView.swift */; };
		20FF85E31DE17A2EF0D7E598 /* AmberSampleData.swift in Sources */ = {isa = PBXBuildFile; fileRef = B15EF6EAE29E0DACCA0D56D3 /* AmberSampleData.swift */; };
		30A324C9D8408B5C21F3D308 /* AmberModels.swift in Sources */ = {isa = PBXBuildFile; fileRef = A0EDAA9E820282E158C1E8A3 /* AmberModels.swift */; };
		387F03C2FD55F290AF58FBF3 /* AmberSampleData.swift in Sources */ = {isa = PBXBuildFile; fileRef = B15EF6EAE29E0DACCA0D56D3 /* AmberSampleData.swift */; };
		75BF52034BE5BE5EF8DB5322 /* AmberRootView.swift in Sources */ = {isa = PBXBuildFile; fileRef = 2AA7EC72846FBBF7082DCA41 /* AmberRootView.swift */; };
		768F4DDC1A95E3D5A2F62806 /* AmberModelsTests.swift in Sources */ = {isa = PBXBuildFile; fileRef = 8851C7B8AD7856BEFC8116F1 /* AmberModelsTests.swift */; };
		B47898750FFA9A367C9C5932 /* AmberApp.swift in Sources */ = {isa = PBXBuildFile; fileRef = 0212DF02C579762975E44439 /* AmberApp.swift */; };
		E2E55B7D0B51905506D230F1 /* AmberModelsTests.swift in Sources */ = {isa = PBXBuildFile; fileRef = 8851C7B8AD7856BEFC8116F1 /* AmberModelsTests.swift */; };
/* End PBXBuildFile section */

/* Begin PBXContainerItemProxy section */
		09B33F946A6E60BBDF6B20F5 /* PBXContainerItemProxy */ = {
			isa = PBXContainerItemProxy;
			containerPortal = 796F40E93B92401A66B86673 /* Project object */;
			proxyType = 1;
			remoteGlobalIDString = DEB24CB32C366A38DD473F6E;
			remoteInfo = AmberMac;
		};
		D829164D18685BEBDC581627 /* PBXContainerItemProxy */ = {
			isa = PBXContainerItemProxy;
			containerPortal = 796F40E93B92401A66B86673 /* Project object */;
			proxyType = 1;
			remoteGlobalIDString = 93A3FF92203C7E62CDF58DEE;
			remoteInfo = Amber;
		};
/* End PBXContainerItemProxy section */

/* Begin PBXFileReference section */
		0212DF02C579762975E44439 /* AmberApp.swift */ = {isa = PBXFileReference; lastKnownFileType = sourcecode.swift; path = AmberApp.swift; sourceTree = "<group>"; };
		0F37833B643C684C37885848 /* AmberTests.xctest */ = {isa = PBXFileReference; includeInIndex = 0; lastKnownFileType = wrapper.cfbundle; path = AmberTests.xctest; sourceTree = BUILT_PRODUCTS_DIR; };
		2AA7EC72846FBBF7082DCA41 /* AmberRootView.swift */ = {isa = PBXFileReference; lastKnownFileType = sourcecode.swift; path = AmberRootView.swift; sourceTree = "<group>"; };
		2BD6460533C370D984A1F218 /* AmberMac.app */ = {isa = PBXFileReference; explicitFileType = wrapper.application; includeInIndex = 0; path = AmberMac.app; sourceTree = BUILT_PRODUCTS_DIR; };
		8851C7B8AD7856BEFC8116F1 /* AmberModelsTests.swift */ = {isa = PBXFileReference; lastKnownFileType = sourcecode.swift; path = AmberModelsTests.swift; sourceTree = "<group>"; };
		A0EDAA9E820282E158C1E8A3 /* AmberModels.swift */ = {isa = PBXFileReference; lastKnownFileType = sourcecode.swift; path = AmberModels.swift; sourceTree = "<group>"; };
		B15EF6EAE29E0DACCA0D56D3 /* AmberSampleData.swift */ = {isa = PBXFileReference; lastKnownFileType = sourcecode.swift; path = AmberSampleData.swift; sourceTree = "<group>"; };
		B41C1BBB25BFCF720F9F83B5 /* AmberMacTests.xctest */ = {isa = PBXFileReference; explicitFileType = wrapper.cfbundle; includeInIndex = 0; path = AmberMacTests.xctest; sourceTree = BUILT_PRODUCTS_DIR; };
		D8F5A55D039C158AC0E6CF8A /* Amber.app */ = {isa = PBXFileReference; includeInIndex = 0; lastKnownFileType = wrapper.application; path = Amber.app; sourceTree = BUILT_PRODUCTS_DIR; };
/* End PBXFileReference section */

/* Begin PBXGroup section */
		219371FD03EFF1E3F6B53A73 /* Tests */ = {
			isa = PBXGroup;
			children = (
				8851C7B8AD7856BEFC8116F1 /* AmberModelsTests.swift */,
			);
			path = Tests;
			sourceTree = "<group>";
		};
		4484B30D338CD8C951BCC30B /* Sources */ = {
			isa = PBXGroup;
			children = (
				0212DF02C579762975E44439 /* AmberApp.swift */,
				A0EDAA9E820282E158C1E8A3 /* AmberModels.swift */,
				2AA7EC72846FBBF7082DCA41 /* AmberRootView.swift */,
				B15EF6EAE29E0DACCA0D56D3 /* AmberSampleData.swift */,
			);
			path = Sources;
			sourceTree = "<group>";
		};
		8FFCB7EA1B44DF418A0715FA = {
			isa = PBXGroup;
			children = (
				4484B30D338CD8C951BCC30B /* Sources */,
				219371FD03EFF1E3F6B53A73 /* Tests */,
				9AE95BE3D015B3EB756360DD /* Products */,
			);
			sourceTree = "<group>";
		};
		9AE95BE3D015B3EB756360DD /* Products */ = {
			isa = PBXGroup;
			children = (
				D8F5A55D039C158AC0E6CF8A /* Amber.app */,
				2BD6460533C370D984A1F218 /* AmberMac.app */,
				B41C1BBB25BFCF720F9F83B5 /* AmberMacTests.xctest */,
				0F37833B643C684C37885848 /* AmberTests.xctest */,
			);
			name = Products;
			sourceTree = "<group>";
		};
/* End PBXGroup section */

/* Begin PBXNativeTarget section */
		37D023125231908DF10F3A06 /* AmberMacTests */ = {
			isa = PBXNativeTarget;
			buildConfigurationList = 5EDEEFF544C1E4CEE17264AF /* Build configuration list for PBXNativeTarget "AmberMacTests" */;
			buildPhases = (
				737EEE148186060765958D73 /* Sources */,
			);
			buildRules = (
			);
			dependencies = (
				A522B9F29943698CACFFB23B /* PBXTargetDependency */,
			);
			name = AmberMacTests;
			packageProductDependencies = (
			);
			productName = AmberMacTests;
			productReference = B41C1BBB25BFCF720F9F83B5 /* AmberMacTests.xctest */;
			productType = "com.apple.product-type.bundle.unit-test";
		};
		93A3FF92203C7E62CDF58DEE /* Amber */ = {
			isa = PBXNativeTarget;
			buildConfigurationList = BB012E140579A66384DC1A0E /* Build configuration list for PBXNativeTarget "Amber" */;
			buildPhases = (
				1164E5E69FDF557F7E2348E7 /* Sources */,
			);
			buildRules = (
			);
			dependencies = (
			);
			name = Amber;
			packageProductDependencies = (
			);
			productName = Amber;
			productReference = D8F5A55D039C158AC0E6CF8A /* Amber.app */;
			productType = "com.apple.product-type.application";
		};
		D138C2461B3C053391216AAE /* AmberTests */ = {
			isa = PBXNativeTarget;
			buildConfigurationList = A03381E2D99D3852F78FEFEB /* Build configuration list for PBXNativeTarget "AmberTests" */;
			buildPhases = (
				89CF646EFF51DC01C6579F30 /* Sources */,
			);
			buildRules = (
			);
			dependencies = (
				8D2876FD6685CDA2DB5DAF23 /* PBXTargetDependency */,
			);
			name = AmberTests;
			packageProductDependencies = (
			);
			productName = AmberTests;
			productReference = 0F37833B643C684C37885848 /* AmberTests.xctest */;
			productType = "com.apple.product-type.bundle.unit-test";
		};
		DEB24CB32C366A38DD473F6E /* AmberMac */ = {
			isa = PBXNativeTarget;
			buildConfigurationList = 78AA126AB8BEE15579CA46E8 /* Build configuration list for PBXNativeTarget "AmberMac" */;
			buildPhases = (
				038A52EBD0D1B5D26069CFA8 /* Sources */,
			);
			buildRules = (
			);
			dependencies = (
			);
			name = AmberMac;
			packageProductDependencies = (
			);
			productName = AmberMac;
			productReference = 2BD6460533C370D984A1F218 /* AmberMac.app */;
			productType = "com.apple.product-type.application";
		};
/* End PBXNativeTarget section */

/* Begin PBXProject section */
		796F40E93B92401A66B86673 /* Project object */ = {
			isa = PBXProject;
			attributes = {
				BuildIndependentTargetsInParallel = YES;
				LastUpgradeCheck = 1430;
				TargetAttributes = {
				};
			};
			buildConfigurationList = 60BE152120E6722FA6368146 /* Build configuration list for PBXProject "Amber" */;
			developmentRegion = en;
			hasScannedForEncodings = 0;
			knownRegions = (
				Base,
				en,
			);
			mainGroup = 8FFCB7EA1B44DF418A0715FA;
			minimizedProjectReferenceProxies = 1;
			preferredProjectObjectVersion = 77;
			productRefGroup = 9AE95BE3D015B3EB756360DD /* Products */;
			projectDirPath = "";
			projectRoot = "";
			targets = (
				93A3FF92203C7E62CDF58DEE /* Amber */,
				DEB24CB32C366A38DD473F6E /* AmberMac */,
				37D023125231908DF10F3A06 /* AmberMacTests */,
				D138C2461B3C053391216AAE /* AmberTests */,
			);
		};
/* End PBXProject section */

/* Begin PBXSourcesBuildPhase section */
		038A52EBD0D1B5D26069CFA8 /* Sources */ = {
			isa = PBXSourcesBuildPhase;
			buildActionMask = 2147483647;
			files = (
				1521E6B75107865F5DE77EB4 /* AmberApp.swift in Sources */,
				0A0116F79C1AF9E5B3D69BFD /* AmberModels.swift in Sources */,
				75BF52034BE5BE5EF8DB5322 /* AmberRootView.swift in Sources */,
				387F03C2FD55F290AF58FBF3 /* AmberSampleData.swift in Sources */,
			);
			runOnlyForDeploymentPostprocessing = 0;
		};
		1164E5E69FDF557F7E2348E7 /* Sources */ = {
			isa = PBXSourcesBuildPhase;
			buildActionMask = 2147483647;
			files = (
				B47898750FFA9A367C9C5932 /* AmberApp.swift in Sources */,
				30A324C9D8408B5C21F3D308 /* AmberModels.swift in Sources */,
				1AEC4F7809945432BED9D2B1 /* AmberRootView.swift in Sources */,
				20FF85E31DE17A2EF0D7E598 /* AmberSampleData.swift in Sources */,
			);
			runOnlyForDeploymentPostprocessing = 0;
		};
		737EEE148186060765958D73 /* Sources */ = {
			isa = PBXSourcesBuildPhase;
			buildActionMask = 2147483647;
			files = (
				E2E55B7D0B51905506D230F1 /* AmberModelsTests.swift in Sources */,
			);
			runOnlyForDeploymentPostprocessing = 0;
		};
		89CF646EFF51DC01C6579F30 /* Sources */ = {
			isa = PBXSourcesBuildPhase;
			buildActionMask = 2147483647;
			files = (
				768F4DDC1A95E3D5A2F62806 /* AmberModelsTests.swift in Sources */,
			);
			runOnlyForDeploymentPostprocessing = 0;
		};
/* End PBXSourcesBuildPhase section */

/* Begin PBXTargetDependency section */
		8D2876FD6685CDA2DB5DAF23 /* PBXTargetDependency */ = {
			isa = PBXTargetDependency;
			target = 93A3FF92203C7E62CDF58DEE /* Amber */;
			targetProxy = D829164D18685BEBDC581627 /* PBXContainerItemProxy */;
		};
		A522B9F29943698CACFFB23B /* PBXTargetDependency */ = {
			isa = PBXTargetDependency;
			target = DEB24CB32C366A38DD473F6E /* AmberMac */;
			targetProxy = 09B33F946A6E60BBDF6B20F5 /* PBXContainerItemProxy */;
		};
/* End PBXTargetDependency section */

/* Begin XCBuildConfiguration section */
		0041FD312614D69CCE7821AB /* Debug */ = {
			isa = XCBuildConfiguration;
			buildSettings = {
				BUNDLE_LOADER = "$(TEST_HOST)";
				COMBINE_HIDPI_IMAGES = YES;
				LD_RUNPATH_SEARCH_PATHS = (
					"$(inherited)",
					"@executable_path/../Frameworks",
					"@loader_path/../Frameworks",
				);
				PRODUCT_BUNDLE_IDENTIFIER = dev.activechain.AmberMacTests;
				PRODUCT_MODULE_NAME = AmberMacTests;
				SDKROOT = macosx;
				TEST_HOST = "$(BUILT_PRODUCTS_DIR)/AmberMac.app/Contents/MacOS/AmberMac";
			};
			name = Debug;
		};
		12B425A6B47B5BDF94518157 /* Debug */ = {
			isa = XCBuildConfiguration;
			buildSettings = {
				ASSETCATALOG_COMPILER_APPICON_NAME = AppIcon;
				COMBINE_HIDPI_IMAGES = YES;
				INFOPLIST_KEY_CFBundleDisplayName = Amber;
				INFOPLIST_KEY_LSApplicationCategoryType = "public.app-category.social-networking";
				LD_RUNPATH_SEARCH_PATHS = (
					"$(inherited)",
					"@executable_path/../Frameworks",
				);
				PRODUCT_BUNDLE_IDENTIFIER = dev.activechain.amber.macos;
				PRODUCT_MODULE_NAME = AmberApp;
				SDKROOT = macosx;
			};
			name = Debug;
		};
		50D0A34A080220BBC376955F /* Release */ = {
			isa = XCBuildConfiguration;
			buildSettings = {
				BUNDLE_LOADER = "$(TEST_HOST)";
				LD_RUNPATH_SEARCH_PATHS = (
					"$(inherited)",
					"@executable_path/Frameworks",
					"@loader_path/Frameworks",
				);
				PRODUCT_BUNDLE_IDENTIFIER = dev.activechain.AmberTests;
				SDKROOT = iphoneos;
				TARGETED_DEVICE_FAMILY = "1,2";
				TEST_HOST = "$(BUILT_PRODUCTS_DIR)/Amber.app/Amber";
			};
			name = Release;
		};
		56C68AE330EC3B12E838F595 /* Release */ = {
			isa = XCBuildConfiguration;
			buildSettings = {
				ASSETCATALOG_COMPILER_APPICON_NAME = AppIcon;
				CODE_SIGN_IDENTITY = "iPhone Developer";
				INFOPLIST_KEY_CFBundleDisplayName = Amber;
				INFOPLIST_KEY_LSApplicationCategoryType = "public.app-category.social-networking";
				LD_RUNPATH_SEARCH_PATHS = (
					"$(inherited)",
					"@executable_path/Frameworks",
				);
				PRODUCT_BUNDLE_IDENTIFIER = dev.activechain.amber;
				PRODUCT_MODULE_NAME = AmberApp;
				SDKROOT = iphoneos;
				TARGETED_DEVICE_FAMILY = "1,2";
			};
			name = Release;
		};
		6C692E300F00CF25CD2F9F53 /* Debug */ = {
			isa = XCBuildConfiguration;
			buildSettings = {
				ASSETCATALOG_COMPILER_APPICON_NAME = AppIcon;
				CODE_SIGN_IDENTITY = "iPhone Developer";
				INFOPLIST_KEY_CFBundleDisplayName = Amber;
				INFOPLIST_KEY_LSApplicationCategoryType = "public.app-category.social-networking";
				LD_RUNPATH_SEARCH_PATHS = (
					"$(inherited)",
					"@executable_path/Frameworks",
				);
				PRODUCT_BUNDLE_IDENTIFIER = dev.activechain.amber;
				PRODUCT_MODULE_NAME = AmberApp;
				SDKROOT = iphoneos;
				TARGETED_DEVICE_FAMILY = "1,2";
			};
			name = Debug;
		};
		9E58AB9CEB3CCFC7139CABDC /* Release */ = {
			isa = XCBuildConfiguration;
			buildSettings = {
				ALWAYS_SEARCH_USER_PATHS = NO;
				CLANG_ANALYZER_NONNULL = YES;
				CLANG_ANALYZER_NUMBER_OBJECT_CONVERSION = YES_AGGRESSIVE;
				CLANG_CXX_LANGUAGE_STANDARD = "gnu++14";
				CLANG_CXX_LIBRARY = "libc++";
				CLANG_ENABLE_MODULES = YES;
				CLANG_ENABLE_OBJC_ARC = YES;
				CLANG_ENABLE_OBJC_WEAK = YES;
				CLANG_WARN_BLOCK_CAPTURE_AUTORELEASING = YES;
				CLANG_WARN_BOOL_CONVERSION = YES;
				CLANG_WARN_COMMA = YES;
				CLANG_WARN_CONSTANT_CONVERSION = YES;
				CLANG_WARN_DEPRECATED_OBJC_IMPLEMENTATIONS = YES;
				CLANG_WARN_DIRECT_OBJC_ISA_USAGE = YES_ERROR;
				CLANG_WARN_DOCUMENTATION_COMMENTS = YES;
				CLANG_WARN_EMPTY_BODY = YES;
				CLANG_WARN_ENUM_CONVERSION = YES;
				CLANG_WARN_INFINITE_RECURSION = YES;
				CLANG_WARN_INT_CONVERSION = YES;
				CLANG_WARN_NON_LITERAL_NULL_CONVERSION = YES;
				CLANG_WARN_OBJC_IMPLICIT_RETAIN_SELF = YES;
				CLANG_WARN_OBJC_LITERAL_CONVERSION = YES;
				CLANG_WARN_OBJC_ROOT_CLASS = YES_ERROR;
				CLANG_WARN_QUOTED_INCLUDE_IN_FRAMEWORK_HEADER = YES;
				CLANG_WARN_RANGE_LOOP_ANALYSIS = YES;
				CLANG_WARN_STRICT_PROTOTYPES = YES;
				CLANG_WARN_SUSPICIOUS_MOVE = YES;
				CLANG_WARN_UNGUARDED_AVAILABILITY = YES_AGGRESSIVE;
				CLANG_WARN_UNREACHABLE_CODE = YES;
				CLANG_WARN__DUPLICATE_METHOD_MATCH = YES;
				COPY_PHASE_STRIP = NO;
				DEBUG_INFORMATION_FORMAT = "dwarf-with-dsym";
				ENABLE_NS_ASSERTIONS = NO;
				ENABLE_STRICT_OBJC_MSGSEND = YES;
				GCC_C_LANGUAGE_STANDARD = gnu11;
				GCC_NO_COMMON_BLOCKS = YES;
				GCC_WARN_64_TO_32_BIT_CONVERSION = YES;
				GCC_WARN_ABOUT_RETURN_TYPE = YES_ERROR;
				GCC_WARN_UNDECLARED_SELECTOR = YES;
				GCC_WARN_UNINITIALIZED_AUTOS = YES_AGGRESSIVE;
				GCC_WARN_UNUSED_FUNCTION = YES;
				GCC_WARN_UNUSED_VARIABLE = YES;
				GENERATE_INFOPLIST_FILE = YES;
				IPHONEOS_DEPLOYMENT_TARGET = 17.0;
				MACOSX_DEPLOYMENT_TARGET = 14.0;
				MTL_ENABLE_DEBUG_INFO = NO;
				MTL_FAST_MATH = YES;
				PRODUCT_NAME = "$(TARGET_NAME)";
				SWIFT_COMPILATION_MODE = wholemodule;
				SWIFT_OPTIMIZATION_LEVEL = "-O";
				SWIFT_VERSION = 5.9;
			};
			name = Release;
		};
		A385C3E5593D91F82A191490 /* Release */ = {
			isa = XCBuildConfiguration;
			buildSettings = {
				ASSETCATALOG_COMPILER_APPICON_NAME = AppIcon;
				COMBINE_HIDPI_IMAGES = YES;
				INFOPLIST_KEY_CFBundleDisplayName = Amber;
				INFOPLIST_KEY_LSApplicationCategoryType = "public.app-category.social-networking";
				LD_RUNPATH_SEARCH_PATHS = (
					"$(inherited)",
					"@executable_path/../Frameworks",
				);
				PRODUCT_BUNDLE_IDENTIFIER = dev.activechain.amber.macos;
				PRODUCT_MODULE_NAME = AmberApp;
				SDKROOT = macosx;
			};
			name = Release;
		};
		AD28672F1AAFE841889C92A2 /* Debug */ = {
			isa = XCBuildConfiguration;
			buildSettings = {
				ALWAYS_SEARCH_USER_PATHS = NO;
				CLANG_ANALYZER_NONNULL = YES;
				CLANG_ANALYZER_NUMBER_OBJECT_CONVERSION = YES_AGGRESSIVE;
				CLANG_CXX_LANGUAGE_STANDARD = "gnu++14";
				CLANG_CXX_LIBRARY = "libc++";
				CLANG_ENABLE_MODULES = YES;
				CLANG_ENABLE_OBJC_ARC = YES;
				CLANG_ENABLE_OBJC_WEAK = YES;
				CLANG_WARN_BLOCK_CAPTURE_AUTORELEASING = YES;
				CLANG_WARN_BOOL_CONVERSION = YES;
				CLANG_WARN_COMMA = YES;
				CLANG_WARN_CONSTANT_CONVERSION = YES;
				CLANG_WARN_DEPRECATED_OBJC_IMPLEMENTATIONS = YES;
				CLANG_WARN_DIRECT_OBJC_ISA_USAGE = YES_ERROR;
				CLANG_WARN_DOCUMENTATION_COMMENTS = YES;
				CLANG_WARN_EMPTY_BODY = YES;
				CLANG_WARN_ENUM_CONVERSION = YES;
				CLANG_WARN_INFINITE_RECURSION = YES;
				CLANG_WARN_INT_CONVERSION = YES;
				CLANG_WARN_NON_LITERAL_NULL_CONVERSION = YES;
				CLANG_WARN_OBJC_IMPLICIT_RETAIN_SELF = YES;
				CLANG_WARN_OBJC_LITERAL_CONVERSION = YES;
				CLANG_WARN_OBJC_ROOT_CLASS = YES_ERROR;
				CLANG_WARN_QUOTED_INCLUDE_IN_FRAMEWORK_HEADER = YES;
				CLANG_WARN_RANGE_LOOP_ANALYSIS = YES;
				CLANG_WARN_STRICT_PROTOTYPES = YES;
				CLANG_WARN_SUSPICIOUS_MOVE = YES;
				CLANG_WARN_UNGUARDED_AVAILABILITY = YES_AGGRESSIVE;
				CLANG_WARN_UNREACHABLE_CODE = YES;
				CLANG_WARN__DUPLICATE_METHOD_MATCH = YES;
				COPY_PHASE_STRIP = NO;
				DEBUG_INFORMATION_FORMAT = dwarf;
				ENABLE_STRICT_OBJC_MSGSEND = YES;
				ENABLE_TESTABILITY = YES;
				GCC_C_LANGUAGE_STANDARD = gnu11;
				GCC_DYNAMIC_NO_PIC = NO;
				GCC_NO_COMMON_BLOCKS = YES;
				GCC_OPTIMIZATION_LEVEL = 0;
				GCC_PREPROCESSOR_DEFINITIONS = (
					"$(inherited)",
					"DEBUG=1",
				);
				GCC_WARN_64_TO_32_BIT_CONVERSION = YES;
				GCC_WARN_ABOUT_RETURN_TYPE = YES_ERROR;
				GCC_WARN_UNDECLARED_SELECTOR = YES;
				GCC_WARN_UNINITIALIZED_AUTOS = YES_AGGRESSIVE;
				GCC_WARN_UNUSED_FUNCTION = YES;
				GCC_WARN_UNUSED_VARIABLE = YES;
				GENERATE_INFOPLIST_FILE = YES;
				IPHONEOS_DEPLOYMENT_TARGET = 17.0;
				MACOSX_DEPLOYMENT_TARGET = 14.0;
				MTL_ENABLE_DEBUG_INFO = INCLUDE_SOURCE;
				MTL_FAST_MATH = YES;
				ONLY_ACTIVE_ARCH = YES;
				PRODUCT_NAME = "$(TARGET_NAME)";
				SWIFT_ACTIVE_COMPILATION_CONDITIONS = DEBUG;
				SWIFT_OPTIMIZATION_LEVEL = "-Onone";
				SWIFT_VERSION = 5.9;
			};
			name = Debug;
		};
		F8FBCC720F15A5EFA4E772AD /* Debug */ = {
			isa = XCBuildConfiguration;
			buildSettings = {
				BUNDLE_LOADER = "$(TEST_HOST)";
				LD_RUNPATH_SEARCH_PATHS = (
					"$(inherited)",
					"@executable_path/Frameworks",
					"@loader_path/Frameworks",
				);
				PRODUCT_BUNDLE_IDENTIFIER = dev.activechain.AmberTests;
				SDKROOT = iphoneos;
				TARGETED_DEVICE_FAMILY = "1,2";
				TEST_HOST = "$(BUILT_PRODUCTS_DIR)/Amber.app/Amber";
			};
			name = Debug;
		};
		FFC215005523E41DEBA4B911 /* Release */ = {
			isa = XCBuildConfiguration;
			buildSettings = {
				BUNDLE_LOADER = "$(TEST_HOST)";
				COMBINE_HIDPI_IMAGES = YES;
				LD_RUNPATH_SEARCH_PATHS = (
					"$(inherited)",
					"@executable_path/../Frameworks",
					"@loader_path/../Frameworks",
				);
				PRODUCT_BUNDLE_IDENTIFIER = dev.activechain.AmberMacTests;
				PRODUCT_MODULE_NAME = AmberMacTests;
				SDKROOT = macosx;
				TEST_HOST = "$(BUILT_PRODUCTS_DIR)/AmberMac.app/Contents/MacOS/AmberMac";
			};
			name = Release;
		};
/* End XCBuildConfiguration section */

/* Begin XCConfigurationList section */
		5EDEEFF544C1E4CEE17264AF /* Build configuration list for PBXNativeTarget "AmberMacTests" */ = {
			isa = XCConfigurationList;
			buildConfigurations = (
				0041FD312614D69CCE7821AB /* Debug */,
				FFC215005523E41DEBA4B911 /* Release */,
			);
			defaultConfigurationIsVisible = 0;
			defaultConfigurationName = Debug;
		};
		60BE152120E6722FA6368146 /* Build configuration list for PBXProject "Amber" */ = {
			isa = XCConfigurationList;
			buildConfigurations = (
				AD28672F1AAFE841889C92A2 /* Debug */,
				9E58AB9CEB3CCFC7139CABDC /* Release */,
			);
			defaultConfigurationIsVisible = 0;
			defaultConfigurationName = Debug;
		};
		78AA126AB8BEE15579CA46E8 /* Build configuration list for PBXNativeTarget "AmberMac" */ = {
			isa = XCConfigurationList;
			buildConfigurations = (
				12B425A6B47B5BDF94518157 /* Debug */,
				A385C3E5593D91F82A191490 /* Release */,
			);
			defaultConfigurationIsVisible = 0;
			defaultConfigurationName = Debug;
		};
		A03381E2D99D3852F78FEFEB /* Build configuration list for PBXNativeTarget "AmberTests" */ = {
			isa = XCConfigurationList;
			buildConfigurations = (
				F8FBCC720F15A5EFA4E772AD /* Debug */,
				50D0A34A080220BBC376955F /* Release */,
			);
			defaultConfigurationIsVisible = 0;
			defaultConfigurationName = Debug;
		};
		BB012E140579A66384DC1A0E /* Build configuration list for PBXNativeTarget "Amber" */ = {
			isa = XCConfigurationList;
			buildConfigurations = (
				6C692E300F00CF25CD2F9F53 /* Debug */,
				56C68AE330EC3B12E838F595 /* Release */,
			);
			defaultConfigurationIsVisible = 0;
			defaultConfigurationName = Debug;
		};
/* End XCConfigurationList section */
	};
	rootObject = 796F40E93B92401A66B86673 /* Project object */;
}
